
Microsoft Visual Studio Solution File, Format Version 12.00
# Visual Studio 2013
VisualStudioVersion = 12.0.40629.0
MinimumVisualStudioVersion = 10.0.40219.1
Project("{FAE04EC0-301F-11D3-BF4B-00C04F79EFBC}") = "TestService", "TestService\TestService.csproj", "{BB92C3C7-CED3-47DC-B48E-B7F82204DEE8}"
EndProject
Project("{FAE04EC0-301F-11D3-BF4B-00C04F79EFBC}") = "TestConsole", "TestConsole\TestConsole.csproj", "{A8439127-0EC9-4B79-A26B-558DB2EA40CD}"
EndProject
Global
	GlobalSection(SolutionConfigurationPlatforms) = preSolution
		Debug|Any CPU = Debug|Any CPU
		Release|Any CPU = Release|Any CPU
	EndGlobalSection
	GlobalSection(ProjectConfigurationPlatforms) = postSolution
		{BB92C3C7-CED3-47DC-B48E-B7F82204DEE8}.Debug|Any CPU.ActiveCfg = Debug|Any CPU
		{BB92C3C7-CED3-47DC-B48E-B7F82204DEE8}.Debug|Any CPU.Build.0 = Debug|Any CPU
		{BB92C3C7-CED3-47DC-B48E-B7F82204DEE8}.Release|Any CPU.ActiveCfg = Release|Any CPU
		{BB92C3C7-CED3-47DC-B48E-B7F82204DEE8}.Release|Any CPU.Build.0 = Release|Any CPU
		{A8439127-0EC9-4B79-A26B-558DB2EA40CD}.Debug|Any CPU.ActiveCfg = Debug|Any CPU
		{A8439127-0EC9-4B79-A26B-558DB2EA40CD}.Debug|Any CPU.Build.0 = Debug|Any CPU
		{A8439127-0EC9-4B79-A26B-558DB2EA40CD}.Release|Any CPU.ActiveCfg = Release|Any CPU
		{A8439127-0EC9-4B79-A26B-558DB2EA40CD}.Release|Any CPU.Build.0 = Release|Any CPU
	EndGlobalSection
	GlobalSection(SolutionProperties) = preSolution
		HideSolutionNode = FALSE
	EndGlobalSection
EndGlobal
