
Microsoft Visual Studio Solution File, Format Version 12.00
# Visual Studio Version 16
VisualStudioVersion = 16.0.28803.156
MinimumVisualStudioVersion = 10.0.40219.1
Project("{FAE04EC0-301F-11D3-BF4B-00C04F79EFBC}") = "RunPs", "RunPs\RunPs.csproj", "{438EB436-15EF-4C30-BF66-27A6CF0F3BF4}"
EndProject
Global
	GlobalSection(SolutionConfigurationPlatforms) = preSolution
		Debug|Any CPU = Debug|Any CPU
		Release|Any CPU = Release|Any CPU
	EndGlobalSection
	GlobalSection(ProjectConfigurationPlatforms) = postSolution
		{438EB436-15EF-4C30-BF66-27A6CF0F3BF4}.Debug|Any CPU.ActiveCfg = Debug|Any CPU
		{438EB436-15EF-4C30-BF66-27A6CF0F3BF4}.Debug|Any CPU.Build.0 = Debug|Any CPU
		{438EB436-15EF-4C30-BF66-27A6CF0F3BF4}.Release|Any CPU.ActiveCfg = Release|Any CPU
		{438EB436-15EF-4C30-BF66-27A6CF0F3BF4}.Release|Any CPU.Build.0 = Release|Any CPU
	EndGlobalSection
	GlobalSection(SolutionProperties) = preSolution
		HideSolutionNode = FALSE
	EndGlobalSection
	GlobalSection(ExtensibilityGlobals) = postSolution
		SolutionGuid = {F33724EF-DF5F-43B5-975E-B1C3615DBDF3}
	EndGlobalSection
EndGlobal
